// !$*UTF8*$!
{
	archiveVersion = 1;
	classes = {
	};
	objectVersion = 77;
	objects = {

/* Begin PBXContainerItemProxy section */
		43C662FF2D2B43130002B276 /* PBXContainerItemProxy */ = {
			isa = PBXContainerItemProxy;
			containerPortal = 43C662E62D2B43120002B276 /* Project object */;
			proxyType = 1;
			remoteGlobalIDString = 43C662ED2D2B43120002B276;
			remoteInfo = Daisies;
		};
		43C663092D2B43130002B276 /* PBXContainerItemProxy */ = {
			isa = PBXContainerItemProxy;
			containerPortal = 43C662E62D2B43120002B276 /* Project object */;
			proxyType = 1;
			remoteGlobalIDString = 43C662ED2D2B43120002B276;
			remoteInfo = Daisies;
		};
/* End PBXContainerItemProxy section */

/* Begin PBXFileReference section */
		436E42EF2D2C4995009A4C39 /* Daisies.xctestplan */ = {isa = PBXFileReference; lastKnownFileType = text; path = Daisies.xctestplan; sourceTree = "<group>"; };
		43C662EE2D2B43120002B276 /* Daisies.app */ = {isa = PBXFileReference; explicitFileType = wrapper.application; includeInIndex = 0; path = Daisies.app; sourceTree = BUILT_PRODUCTS_DIR; };
		43C662FE2D2B43130002B276 /* DaisiesTests.xctest */ = {isa = PBXFileReference; explicitFileType = wrapper.cfbundle; includeInIndex = 0; path = DaisiesTests.xctest; sourceTree = BUILT_PRODUCTS_DIR; };
		43C663082D2B43130002B276 /* DaisiesUITests.xctest */ = {isa = PBXFileReference; explicitFileType = wrapper.cfbundle; includeInIndex = 0; path = DaisiesUITests.xctest; sourceTree = BUILT_PRODUCTS_DIR; };
/* End PBXFileReference section */

/* Begin PBXFileSystemSynchronizedRootGroup section */
		43C662F02D2B43120002B276 /* Daisies */ = {
			isa = PBXFileSystemSynchronizedRootGroup;
			path = Daisies;
			sourceTree = "<group>";
		};
		43C663012D2B43130002B276 /* DaisiesTests */ = {
			isa = PBXFileSystemSynchronizedRootGroup;
			path = DaisiesTests;
			sourceTree = "<group>";
		};
		43C6630B2D2B43130002B276 /* DaisiesUITests */ = {
			isa = PBXFileSystemSynchronizedRootGroup;
			path = DaisiesUITests;
			sourceTree = "<group>";
		};
/* End PBXFileSystemSynchronizedRootGroup section */

/* Begin PBXFrameworksBuildPhase section */
		43C662EB2D2B43120002B276 /* Frameworks */ = {
			isa = PBXFrameworksBuildPhase;
			buildActionMask = 2147483647;
			files = (
			);
			runOnlyForDeploymentPostprocessing = 0;
		};
		43C662FB2D2B43130002B276 /* Frameworks */ = {
			isa = PBXFrameworksBuildPhase;
			buildActionMask = 2147483647;
			files = (
			);
			runOnlyForDeploymentPostprocessing = 0;
		};
		43C663052D2B43130002B276 /* Frameworks */ = {
			isa = PBXFrameworksBuildPhase;
			buildActionMask = 2147483647;
			files = (
			);
			runOnlyForDeploymentPostprocessing = 0;
		};
/* End PBXFrameworksBuildPhase section */

/* Begin PBXGroup section */
		43C662E52D2B43120002B276 = {
			isa = PBXGroup;
			children = (
				436E42EF2D2C4995009A4C39 /* Daisies.xctestplan */,
				43C662F02D2B43120002B276 /* Daisies */,
				43C663012D2B43130002B276 /* DaisiesTests */,
				43C6630B2D2B43130002B276 /* DaisiesUITests */,
				43C662EF2D2B43120002B276 /* Products */,
			);
			sourceTree = "<group>";
		};
		43C662EF2D2B43120002B276 /* Products */ = {
			isa = PBXGroup;
			children = (
				43C662EE2D2B43120002B276 /* Daisies.app */,
				43C662FE2D2B43130002B276 /* DaisiesTests.xctest */,
				43C663082D2B43130002B276 /* DaisiesUITests.xctest */,
			);
			name = Products;
			sourceTree = "<group>";
		};
/* End PBXGroup section */

/* Begin PBXNativeTarget section */
		43C662ED2D2B43120002B276 /* Daisies */ = {
			isa = PBXNativeTarget;
			buildConfigurationList = 43C663122D2B43130002B276 /* Build configuration list for PBXNativeTarget "Daisies" */;
			buildPhases = (
				43C662EA2D2B43120002B276 /* Sources */,
				43C662EB2D2B43120002B276 /* Frameworks */,
				43C662EC2D2B43120002B276 /* Resources */,
			);
			buildRules = (
			);
			dependencies = (
			);
			fileSystemSynchronizedGroups = (
				43C662F02D2B43120002B276 /* Daisies */,
			);
			name = Daisies;
			packageProductDependencies = (
			);
			productName = Daisies;
			productReference = 43C662EE2D2B43120002B276 /* Daisies.app */;
			productType = "com.apple.product-type.application";
		};
		43C662FD2D2B43130002B276 /* DaisiesTests */ = {
			isa = PBXNativeTarget;
			buildConfigurationList = 43C663152D2B43130002B276 /* Build configuration list for PBXNativeTarget "DaisiesTests" */;
			buildPhases = (
				43C662FA2D2B43130002B276 /* Sources */,
				43C662FB2D2B43130002B276 /* Frameworks */,
				43C662FC2D2B43130002B276 /* Resources */,
			);
			buildRules = (
			);
			dependencies = (
				43C663002D2B43130002B276 /* PBXTargetDependency */,
			);
			fileSystemSynchronizedGroups = (
				43C663012D2B43130002B276 /* DaisiesTests */,
			);
			name = DaisiesTests;
			packageProductDependencies = (
			);
			productName = DaisiesTests;
			productReference = 43C662FE2D2B43130002B276 /* DaisiesTests.xctest */;
			productType = "com.apple.product-type.bundle.unit-test";
		};
		43C663072D2B43130002B276 /* DaisiesUITests */ = {
			isa = PBXNativeTarget;
			buildConfigurationList = 43C663182D2B43130002B276 /* Build configuration list for PBXNativeTarget "DaisiesUITests" */;
			buildPhases = (
				43C663042D2B43130002B276 /* Sources */,
				43C663052D2B43130002B276 /* Frameworks */,
				43C663062D2B43130002B276 /* Resources */,
			);
			buildRules = (
			);
			dependencies = (
				43C6630A2D2B43130002B276 /* PBXTargetDependency */,
			);
			fileSystemSynchronizedGroups = (
				43C6630B2D2B43130002B276 /* DaisiesUITests */,
			);
			name = DaisiesUITests;
			packageProductDependencies = (
			);
			productName = DaisiesUITests;
			productReference = 43C663082D2B43130002B276 /* DaisiesUITests.xctest */;
			productType = "com.apple.product-type.bundle.ui-testing";
		};
/* End PBXNativeTarget section */

/* Begin PBXProject section */
		43C662E62D2B43120002B276 /* Project object */ = {
			isa = PBXProject;
			attributes = {
				BuildIndependentTargetsInParallel = 1;
				LastSwiftUpdateCheck = 1610;
				LastUpgradeCheck = 1610;
				TargetAttributes = {
					43C662ED2D2B43120002B276 = {
						CreatedOnToolsVersion = 16.1;
					};
					43C662FD2D2B43130002B276 = {
						CreatedOnToolsVersion = 16.1;
						TestTargetID = 43C662ED2D2B43120002B276;
					};
					43C663072D2B43130002B276 = {
						CreatedOnToolsVersion = 16.1;
						TestTargetID = 43C662ED2D2B43120002B276;
					};
				};
			};
			buildConfigurationList = 43C662E92D2B43120002B276 /* Build configuration list for PBXProject "Daisies" */;
			developmentRegion = en;
			hasScannedForEncodings = 0;
			knownRegions = (
				en,
				Base,
			);
			mainGroup = 43C662E52D2B43120002B276;
			minimizedProjectReferenceProxies = 1;
			preferredProjectObjectVersion = 77;
			productRefGroup = 43C662EF2D2B43120002B276 /* Products */;
			projectDirPath = "";
			projectRoot = "";
			targets = (
				43C662ED2D2B43120002B276 /* Daisies */,
				43C662FD2D2B43130002B276 /* DaisiesTests */,
				43C663072D2B43130002B276 /* DaisiesUITests */,
			);
		};
/* End PBXProject section */

/* Begin PBXResourcesBuildPhase section */
		43C662EC2D2B43120002B276 /* Resources */ = {
			isa = PBXResourcesBuildPhase;
			buildActionMask = 2147483647;
			files = (
			);
			runOnlyForDeploymentPostprocessing = 0;
		};
		43C662FC2D2B43130002B276 /* Resources */ = {
			isa = PBXResourcesBuildPhase;
			buildActionMask = 2147483647;
			files = (
			);
			runOnlyForDeploymentPostprocessing = 0;
		};
		43C663062D2B43130002B276 /* Resources */ = {
			isa = PBXResourcesBuildPhase;
			buildActionMask = 2147483647;
			files = (
			);
			runOnlyForDeploymentPostprocessing = 0;
		};
/* End PBXResourcesBuildPhase section */

/* Begin PBXSourcesBuildPhase section */
		43C662EA2D2B43120002B276 /* Sources */ = {
			isa = PBXSourcesBuildPhase;
			buildActionMask = 2147483647;
			files = (
			);
			runOnlyForDeploymentPostprocessing = 0;
		};
		43C662FA2D2B43130002B276 /* Sources */ = {
			isa = PBXSourcesBuildPhase;
			buildActionMask = 2147483647;
			files = (
			);
			runOnlyForDeploymentPostprocessing = 0;
		};
		43C663042D2B43130002B276 /* Sources */ = {
			isa = PBXSourcesBuildPhase;
			buildActionMask = 2147483647;
			files = (
			);
			runOnlyForDeploymentPostprocessing = 0;
		};
/* End PBXSourcesBuildPhase section */

/* Begin PBXTargetDependency section */
		43C663002D2B43130002B276 /* PBXTargetDependency */ = {
			isa = PBXTargetDependency;
			target = 43C662ED2D2B43120002B276 /* Daisies */;
			targetProxy = 43C662FF2D2B43130002B276 /* PBXContainerItemProxy */;
		};
		43C6630A2D2B43130002B276 /* PBXTargetDependency */ = {
			isa = PBXTargetDependency;
			target = 43C662ED2D2B43120002B276 /* Daisies */;
			targetProxy = 43C663092D2B43130002B276 /* PBXContainerItemProxy */;
		};
/* End PBXTargetDependency section */

/* Begin XCBuildConfiguration section */
		43C663102D2B43130002B276 /* Debug */ = {
			isa = XCBuildConfiguration;
			buildSettings = {
				ALWAYS_SEARCH_USER_PATHS = NO;
				ASSETCATALOG_COMPILER_GENERATE_SWIFT_ASSET_SYMBOL_EXTENSIONS = YES;
				CLANG_ANALYZER_NONNULL = YES;
				CLANG_ANALYZER_NUMBER_OBJECT_CONVERSION = YES_AGGRESSIVE;
				CLANG_CXX_LANGUAGE_STANDARD = "gnu++20";
				CLANG_ENABLE_MODULES = YES;
				CLANG_ENABLE_OBJC_ARC = YES;
				CLANG_ENABLE_OBJC_WEAK = YES;
				CLANG_WARN_BLOCK_CAPTURE_AUTORELEASING = YES;
				CLANG_WARN_BOOL_CONVERSION = YES;
				CLANG_WARN_COMMA = YES;
				CLANG_WARN_CONSTANT_CONVERSION = YES;
				CLANG_WARN_DEPRECATED_OBJC_IMPLEMENTATIONS = YES;
				CLANG_WARN_DIRECT_OBJC_ISA_USAGE = YES_ERROR;
				CLANG_WARN_DOCUMENTATION_COMMENTS = YES;
				CLANG_WARN_EMPTY_BODY = YES;
				CLANG_WARN_ENUM_CONVERSION = YES;
				CLANG_WARN_INFINITE_RECURSION = YES;
				CLANG_WARN_INT_CONVERSION = YES;
				CLANG_WARN_NON_LITERAL_NULL_CONVERSION = YES;
				CLANG_WARN_OBJC_IMPLICIT_RETAIN_SELF = YES;
				CLANG_WARN_OBJC_LITERAL_CONVERSION = YES;
				CLANG_WARN_OBJC_ROOT_CLASS = YES_ERROR;
				CLANG_WARN_QUOTED_INCLUDE_IN_FRAMEWORK_HEADER = YES;
				CLANG_WARN_RANGE_LOOP_ANALYSIS = YES;
				CLANG_WARN_STRICT_PROTOTYPES = YES;
				CLANG_WARN_SUSPICIOUS_MOVE = YES;
				CLANG_WARN_UNGUARDED_AVAILABILITY = YES_AGGRESSIVE;
				CLANG_WARN_UNREACHABLE_CODE = YES;
				CLANG_WARN__DUPLICATE_METHOD_MATCH = YES;
				COPY_PHASE_STRIP = NO;
				DEBUG_INFORMATION_FORMAT = dwarf;
				ENABLE_STRICT_OBJC_MSGSEND = YES;
				ENABLE_TESTABILITY = YES;
				ENABLE_USER_SCRIPT_SANDBOXING = YES;
				GCC_C_LANGUAGE_STANDARD = gnu17;
				GCC_DYNAMIC_NO_PIC = NO;
				GCC_NO_COMMON_BLOCKS = YES;
				GCC_OPTIMIZATION_LEVEL = 0;
				GCC_PREPROCESSOR_DEFINITIONS = (
					"DEBUG=1",
					"$(inherited)",
				);
				GCC_WARN_64_TO_32_BIT_CONVERSION = YES;
				GCC_WARN_ABOUT_RETURN_TYPE = YES_ERROR;
				GCC_WARN_UNDECLARED_SELECTOR = YES;
				GCC_WARN_UNINITIALIZED_AUTOS = YES_AGGRESSIVE;
				GCC_WARN_UNUSED_FUNCTION = YES;
				GCC_WARN_UNUSED_VARIABLE = YES;
				IPHONEOS_DEPLOYMENT_TARGET = 18.1;
				LOCALIZATION_PREFERS_STRING_CATALOGS = YES;
				MTL_ENABLE_DEBUG_INFO = INCLUDE_SOURCE;
				MTL_FAST_MATH = YES;
				ONLY_ACTIVE_ARCH = YES;
				SDKROOT = iphoneos;
				SWIFT_ACTIVE_COMPILATION_CONDITIONS = "DEBUG $(inherited)";
				SWIFT_OPTIMIZATION_LEVEL = "-Onone";
			};
			name = Debug;
		};
		43C663112D2B43130002B276 /* Release */ = {
			isa = XCBuildConfiguration;
			buildSettings = {
				ALWAYS_SEARCH_USER_PATHS = NO;
				ASSETCATALOG_COMPILER_GENERATE_SWIFT_ASSET_SYMBOL_EXTENSIONS = YES;
				CLANG_ANALYZER_NONNULL = YES;
				CLANG_ANALYZER_NUMBER_OBJECT_CONVERSION = YES_AGGRESSIVE;
				CLANG_CXX_LANGUAGE_STANDARD = "gnu++20";
				CLANG_ENABLE_MODULES = YES;
				CLANG_ENABLE_OBJC_ARC = YES;
				CLANG_ENABLE_OBJC_WEAK = YES;
				CLANG_WARN_BLOCK_CAPTURE_AUTORELEASING = YES;
				CLANG_WARN_BOOL_CONVERSION = YES;
				CLANG_WARN_COMMA = YES;
				CLANG_WARN_CONSTANT_CONVERSION = YES;
				CLANG_WARN_DEPRECATED_OBJC_IMPLEMENTATIONS = YES;
				CLANG_WARN_DIRECT_OBJC_ISA_USAGE = YES_ERROR;
				CLANG_WARN_DOCUMENTATION_COMMENTS = YES;
				CLANG_WARN_EMPTY_BODY = YES;
				CLANG_WARN_ENUM_CONVERSION = YES;
				CLANG_WARN_INFINITE_RECURSION = YES;
				CLANG_WARN_INT_CONVERSION = YES;
				CLANG_WARN_NON_LITERAL_NULL_CONVERSION = YES;
				CLANG_WARN_OBJC_IMPLICIT_RETAIN_SELF = YES;
				CLANG_WARN_OBJC_LITERAL_CONVERSION = YES;
				CLANG_WARN_OBJC_ROOT_CLASS = YES_ERROR;
				CLANG_WARN_QUOTED_INCLUDE_IN_FRAMEWORK_HEADER = YES;
				CLANG_WARN_RANGE_LOOP_ANALYSIS = YES;
				CLANG_WARN_STRICT_PROTOTYPES = YES;
				CLANG_WARN_SUSPICIOUS_MOVE = YES;
				CLANG_WARN_UNGUARDED_AVAILABILITY = YES_AGGRESSIVE;
				CLANG_WARN_UNREACHABLE_CODE = YES;
				CLANG_WARN__DUPLICATE_METHOD_MATCH = YES;
				COPY_PHASE_STRIP = NO;
				DEBUG_INFORMATION_FORMAT = "dwarf-with-dsym";
				ENABLE_NS_ASSERTIONS = NO;
				ENABLE_STRICT_OBJC_MSGSEND = YES;
				ENABLE_USER_SCRIPT_SANDBOXING = YES;
				GCC_C_LANGUAGE_STANDARD = gnu17;
				GCC_NO_COMMON_BLOCKS = YES;
				GCC_WARN_64_TO_32_BIT_CONVERSION = YES;
				GCC_WARN_ABOUT_RETURN_TYPE = YES_ERROR;
				GCC_WARN_UNDECLARED_SELECTOR = YES;
				GCC_WARN_UNINITIALIZED_AUTOS = YES_AGGRESSIVE;
				GCC_WARN_UNUSED_FUNCTION = YES;
				GCC_WARN_UNUSED_VARIABLE = YES;
				IPHONEOS_DEPLOYMENT_TARGET = 18.1;
				LOCALIZATION_PREFERS_STRING_CATALOGS = YES;
				MTL_ENABLE_DEBUG_INFO = NO;
				MTL_FAST_MATH = YES;
				SDKROOT = iphoneos;
				SWIFT_COMPILATION_MODE = wholemodule;
				VALIDATE_PRODUCT = YES;
			};
			name = Release;
		};
		43C663132D2B43130002B276 /* Debug */ = {
			isa = XCBuildConfiguration;
			buildSettings = {
				ASSETCATALOG_COMPILER_APPICON_NAME = AppIcon;
				ASSETCATALOG_COMPILER_GLOBAL_ACCENT_COLOR_NAME = AccentColor;
				CODE_SIGN_STYLE = Automatic;
				CURRENT_PROJECT_VERSION = 1;
				DEVELOPMENT_ASSET_PATHS = "\"Daisies/Preview Content\"";
				DEVELOPMENT_TEAM = L8JX4G8L96;
				ENABLE_PREVIEWS = YES;
				GENERATE_INFOPLIST_FILE = YES;
				INFOPLIST_KEY_NSLocationAlwaysUsageDescription = "LETS FIND THOSE DAISIES.";
				INFOPLIST_KEY_NSLocationWhenInUseUsageDescription = "We need your location to find your daisies.";
				INFOPLIST_KEY_UIApplicationSceneManifest_Generation = YES;
				INFOPLIST_KEY_UIApplicationSupportsIndirectInputEvents = YES;
				INFOPLIST_KEY_UILaunchScreen_Generation = YES;
				INFOPLIST_KEY_UISupportedInterfaceOrientations_iPad = "UIInterfaceOrientationPortrait UIInterfaceOrientationPortraitUpsideDown UIInterfaceOrientationLandscapeLeft UIInterfaceOrientationLandscapeRight";
				INFOPLIST_KEY_UISupportedInterfaceOrientations_iPhone = "UIInterfaceOrientationPortrait UIInterfaceOrientationLandscapeLeft UIInterfaceOrientationLandscapeRight";
				LD_RUNPATH_SEARCH_PATHS = (
					"$(inherited)",
					"@executable_path/Frameworks",
				);
				MARKETING_VERSION = 1.0;
				PRODUCT_BUNDLE_IDENTIFIER = ngbedggood.Daisies;
				PRODUCT_NAME = "$(TARGET_NAME)";
				SWIFT_EMIT_LOC_STRINGS = YES;
				SWIFT_VERSION = 5.0;
				TARGETED_DEVICE_FAMILY = "1,2";
			};
			name = Debug;
		};
		43C663142D2B43130002B276 /* Release */ = {
			isa = XCBuildConfiguration;
			buildSettings = {
				ASSETCATALOG_COMPILER_APPICON_NAME = AppIcon;
				ASSETCATALOG_COMPILER_GLOBAL_ACCENT_COLOR_NAME = AccentColor;
				CODE_SIGN_STYLE = Automatic;
				CURRENT_PROJECT_VERSION = 1;
				DEVELOPMENT_ASSET_PATHS = "\"Daisies/Preview Content\"";
				DEVELOPMENT_TEAM = L8JX4G8L96;
				ENABLE_PREVIEWS = YES;
				GENERATE_INFOPLIST_FILE = YES;
				INFOPLIST_KEY_NSLocationAlwaysUsageDescription = "LETS FIND THOSE DAISIES.";
				INFOPLIST_KEY_NSLocationWhenInUseUsageDescription = "We need your location to find your daisies.";
				INFOPLIST_KEY_UIApplicationSceneManifest_Generation = YES;
				INFOPLIST_KEY_UIApplicationSupportsIndirectInputEvents = YES;
				INFOPLIST_KEY_UILaunchScreen_Generation = YES;
				INFOPLIST_KEY_UISupportedInterfaceOrientations_iPad = "UIInterfaceOrientationPortrait UIInterfaceOrientationPortraitUpsideDown UIInterfaceOrientationLandscapeLeft UIInterfaceOrientationLandscapeRight";
				INFOPLIST_KEY_UISupportedInterfaceOrientations_iPhone = "UIInterfaceOrientationPortrait UIInterfaceOrientationLandscapeLeft UIInterfaceOrientationLandscapeRight";
				LD_RUNPATH_SEARCH_PATHS = (
					"$(inherited)",
					"@executable_path/Frameworks",
				);
				MARKETING_VERSION = 1.0;
				PRODUCT_BUNDLE_IDENTIFIER = ngbedggood.Daisies;
				PRODUCT_NAME = "$(TARGET_NAME)";
				SWIFT_EMIT_LOC_STRINGS = YES;
				SWIFT_VERSION = 5.0;
				TARGETED_DEVICE_FAMILY = "1,2";
			};
			name = Release;
		};
		43C663162D2B43130002B276 /* Debug */ = {
			isa = XCBuildConfiguration;
			buildSettings = {
				BUNDLE_LOADER = "$(TEST_HOST)";
				CODE_SIGN_STYLE = Automatic;
				CURRENT_PROJECT_VERSION = 1;
				DEVELOPMENT_TEAM = L8JX4G8L96;
				GENERATE_INFOPLIST_FILE = YES;
				IPHONEOS_DEPLOYMENT_TARGET = 18.1;
				MARKETING_VERSION = 1.0;
				PRODUCT_BUNDLE_IDENTIFIER = ngbedggood.DaisiesTests;
				PRODUCT_NAME = "$(TARGET_NAME)";
				SWIFT_EMIT_LOC_STRINGS = NO;
				SWIFT_VERSION = 5.0;
				TARGETED_DEVICE_FAMILY = "1,2";
				TEST_HOST = "$(BUILT_PRODUCTS_DIR)/Daisies.app/$(BUNDLE_EXECUTABLE_FOLDER_PATH)/Daisies";
			};
			name = Debug;
		};
		43C663172D2B43130002B276 /* Release */ = {
			isa = XCBuildConfiguration;
			buildSettings = {
				BUNDLE_LOADER = "$(TEST_HOST)";
				CODE_SIGN_STYLE = Automatic;
				CURRENT_PROJECT_VERSION = 1;
				DEVELOPMENT_TEAM = L8JX4G8L96;
				GENERATE_INFOPLIST_FILE = YES;
				IPHONEOS_DEPLOYMENT_TARGET = 18.1;
				MARKETING_VERSION = 1.0;
				PRODUCT_BUNDLE_IDENTIFIER = ngbedggood.DaisiesTests;
				PRODUCT_NAME = "$(TARGET_NAME)";
				SWIFT_EMIT_LOC_STRINGS = NO;
				SWIFT_VERSION = 5.0;
				TARGETED_DEVICE_FAMILY = "1,2";
				TEST_HOST = "$(BUILT_PRODUCTS_DIR)/Daisies.app/$(BUNDLE_EXECUTABLE_FOLDER_PATH)/Daisies";
			};
			name = Release;
		};
		43C663192D2B43130002B276 /* Debug */ = {
			isa = XCBuildConfiguration;
			buildSettings = {
				CODE_SIGN_STYLE = Automatic;
				CURRENT_PROJECT_VERSION = 1;
				DEVELOPMENT_TEAM = L8JX4G8L96;
				GENERATE_INFOPLIST_FILE = YES;
				MARKETING_VERSION = 1.0;
				PRODUCT_BUNDLE_IDENTIFIER = ngbedggood.DaisiesUITests;
				PRODUCT_NAME = "$(TARGET_NAME)";
				SWIFT_EMIT_LOC_STRINGS = NO;
				SWIFT_VERSION = 5.0;
				TARGETED_DEVICE_FAMILY = "1,2";
				TEST_TARGET_NAME = Daisies;
			};
			name = Debug;
		};
		43C6631A2D2B43130002B276 /* Release */ = {
			isa = XCBuildConfiguration;
			buildSettings = {
				CODE_SIGN_STYLE = Automatic;
				CURRENT_PROJECT_VERSION = 1;
				DEVELOPMENT_TEAM = L8JX4G8L96;
				GENERATE_INFOPLIST_FILE = YES;
				MARKETING_VERSION = 1.0;
				PRODUCT_BUNDLE_IDENTIFIER = ngbedggood.DaisiesUITests;
				PRODUCT_NAME = "$(TARGET_NAME)";
				SWIFT_EMIT_LOC_STRINGS = NO;
				SWIFT_VERSION = 5.0;
				TARGETED_DEVICE_FAMILY = "1,2";
				TEST_TARGET_NAME = Daisies;
			};
			name = Release;
		};
/* End XCBuildConfiguration section */

/* Begin XCConfigurationList section */
		43C662E92D2B43120002B276 /* Build configuration list for PBXProject "Daisies" */ = {
			isa = XCConfigurationList;
			buildConfigurations = (
				43C663102D2B43130002B276 /* Debug */,
				43C663112D2B43130002B276 /* Release */,
			);
			defaultConfigurationIsVisible = 0;
			defaultConfigurationName = Release;
		};
		43C663122D2B43130002B276 /* Build configuration list for PBXNativeTarget "Daisies" */ = {
			isa = XCConfigurationList;
			buildConfigurations = (
				43C663132D2B43130002B276 /* Debug */,
				43C663142D2B43130002B276 /* Release */,
			);
			defaultConfigurationIsVisible = 0;
			defaultConfigurationName = Release;
		};
		43C663152D2B43130002B276 /* Build configuration list for PBXNativeTarget "DaisiesTests" */ = {
			isa = XCConfigurationList;
			buildConfigurations = (
				43C663162D2B43130002B276 /* Debug */,
				43C663172D2B43130002B276 /* Release */,
			);
			defaultConfigurationIsVisible = 0;
			defaultConfigurationName = Release;
		};
		43C663182D2B43130002B276 /* Build configuration list for PBXNativeTarget "DaisiesUITests" */ = {
			isa = XCConfigurationList;
			buildConfigurations = (
				43C663192D2B43130002B276 /* Debug */,
				43C6631A2D2B43130002B276 /* Release */,
			);
			defaultConfigurationIsVisible = 0;
			defaultConfigurationName = Release;
		};
/* End XCConfigurationList section */
	};
	rootObject = 43C662E62D2B43120002B276 /* Project object */;
}
